
Microsoft Visual Studio Solution File, Format Version 12.00
# Visual Studio 15
VisualStudioVersion = 15.0.28010.2026
MinimumVisualStudioVersion = 10.0.40219.1
Project("{2150E333-8FDC-42A3-9474-1A3956D46DE8}") = "src", "src", "{6FA40578-145A-4D2D-B0FC-A88AA7D24040}"
EndProject
Project("{2150E333-8FDC-42A3-9474-1A3956D46DE8}") = "Common", "Common", "{4B4DFC8C-DBD7-4F20-9BF7-D951A7C0A1AF}"
EndProject
Project("{2150E333-8FDC-42A3-9474-1A3956D46DE8}") = "Gateway", "Gateway", "{4A80B808-1D55-4123-9ED2-D4F2E4308BE3}"
EndProject
Project("{2150E333-8FDC-42A3-9474-1A3956D46DE8}") = "Services", "Services", "{BC25E4E9-DBF1-4D1C-978B-979D7843F4BD}"
EndProject
Project("{2150E333-8FDC-42A3-9474-1A3956D46DE8}") = "Web", "Web", "{AA178FBA-41FE-4D6F-80D1-CD13AE59D6B4}"
EndProject
Project("{FAE04EC0-301F-11D3-BF4B-00C04F79EFBC}") = "Common.Application", "src\Common\Common.Application\Common.Application.csproj", "{CF39FC2E-9632-4FF6-8BE1-F7528249D463}"
EndProject
Project("{FAE04EC0-301F-11D3-BF4B-00C04F79EFBC}") = "Common.Domain", "src\Common\Common.Domain\Common.Domain.csproj", "{03C775AA-2EDA-4641-9FA7-A3023130F6A4}"
EndProject
Project("{FAE04EC0-301F-11D3-BF4B-00C04F79EFBC}") = "Common.Infrastructure", "src\Common\Common.Infrastructure\Common.Infrastructure.csproj", "{9F71DD60-805D-4D1C-8548-4F731E1EDDB4}"
EndProject
Project("{2150E333-8FDC-42A3-9474-1A3956D46DE8}") = "Stocks", "Stocks", "{004F4747-3DD0-4375-8E76-A9D5C346CCE4}"
EndProject
Project("{2150E333-8FDC-42A3-9474-1A3956D46DE8}") = "Indexes", "Indexes", "{33B1E78F-CBBD-43BB-94E3-EC2A43A79160}"
EndProject
Project("{2150E333-8FDC-42A3-9474-1A3956D46DE8}") = "Companies", "Companies", "{8CE0BE18-EF40-42A8-9B2C-E9C29120C06A}"
EndProject
Project("{FAE04EC0-301F-11D3-BF4B-00C04F79EFBC}") = "Stocks.Application", "src\Services\Stocks\Stocks.Application\Stocks.Application.csproj", "{500677C5-37D7-421E-946C-101D739867FF}"
EndProject
Project("{FAE04EC0-301F-11D3-BF4B-00C04F79EFBC}") = "Stocks.Domain", "src\Services\Stocks\Stocks.Domain\Stocks.Domain.csproj", "{B998E937-B7FD-4C39-AC3A-FEFCB0D390B8}"
EndProject
Project("{FAE04EC0-301F-11D3-BF4B-00C04F79EFBC}") = "Stocks.Infrastructure", "src\Services\Stocks\Stocks.Infrastructure\Stocks.Infrastructure.csproj", "{BCAB84AF-3916-4B61-9AE6-73942687085A}"
EndProject
Project("{FAE04EC0-301F-11D3-BF4B-00C04F79EFBC}") = "Stocks.API", "src\Services\Stocks\Stocks.API\Stocks.API.csproj", "{2B8DE883-B4BD-4A27-A54D-4BB8718C2C92}"
EndProject
Global
	GlobalSection(SolutionConfigurationPlatforms) = preSolution
		Debug|Any CPU = Debug|Any CPU
		Release|Any CPU = Release|Any CPU
	EndGlobalSection
	GlobalSection(ProjectConfigurationPlatforms) = postSolution
		{CF39FC2E-9632-4FF6-8BE1-F7528249D463}.Debug|Any CPU.ActiveCfg = Debug|Any CPU
		{CF39FC2E-9632-4FF6-8BE1-F7528249D463}.Debug|Any CPU.Build.0 = Debug|Any CPU
		{CF39FC2E-9632-4FF6-8BE1-F7528249D463}.Release|Any CPU.ActiveCfg = Release|Any CPU
		{CF39FC2E-9632-4FF6-8BE1-F7528249D463}.Release|Any CPU.Build.0 = Release|Any CPU
		{03C775AA-2EDA-4641-9FA7-A3023130F6A4}.Debug|Any CPU.ActiveCfg = Debug|Any CPU
		{03C775AA-2EDA-4641-9FA7-A3023130F6A4}.Debug|Any CPU.Build.0 = Debug|Any CPU
		{03C775AA-2EDA-4641-9FA7-A3023130F6A4}.Release|Any CPU.ActiveCfg = Release|Any CPU
		{03C775AA-2EDA-4641-9FA7-A3023130F6A4}.Release|Any CPU.Build.0 = Release|Any CPU
		{9F71DD60-805D-4D1C-8548-4F731E1EDDB4}.Debug|Any CPU.ActiveCfg = Debug|Any CPU
		{9F71DD60-805D-4D1C-8548-4F731E1EDDB4}.Debug|Any CPU.Build.0 = Debug|Any CPU
		{9F71DD60-805D-4D1C-8548-4F731E1EDDB4}.Release|Any CPU.ActiveCfg = Release|Any CPU
		{9F71DD60-805D-4D1C-8548-4F731E1EDDB4}.Release|Any CPU.Build.0 = Release|Any CPU
		{500677C5-37D7-421E-946C-101D739867FF}.Debug|Any CPU.ActiveCfg = Debug|Any CPU
		{500677C5-37D7-421E-946C-101D739867FF}.Debug|Any CPU.Build.0 = Debug|Any CPU
		{500677C5-37D7-421E-946C-101D739867FF}.Release|Any CPU.ActiveCfg = Release|Any CPU
		{500677C5-37D7-421E-946C-101D739867FF}.Release|Any CPU.Build.0 = Release|Any CPU
		{B998E937-B7FD-4C39-AC3A-FEFCB0D390B8}.Debug|Any CPU.ActiveCfg = Debug|Any CPU
		{B998E937-B7FD-4C39-AC3A-FEFCB0D390B8}.Debug|Any CPU.Build.0 = Debug|Any CPU
		{B998E937-B7FD-4C39-AC3A-FEFCB0D390B8}.Release|Any CPU.ActiveCfg = Release|Any CPU
		{B998E937-B7FD-4C39-AC3A-FEFCB0D390B8}.Release|Any CPU.Build.0 = Release|Any CPU
		{BCAB84AF-3916-4B61-9AE6-73942687085A}.Debug|Any CPU.ActiveCfg = Debug|Any CPU
		{BCAB84AF-3916-4B61-9AE6-73942687085A}.Debug|Any CPU.Build.0 = Debug|Any CPU
		{BCAB84AF-3916-4B61-9AE6-73942687085A}.Release|Any CPU.ActiveCfg = Release|Any CPU
		{BCAB84AF-3916-4B61-9AE6-73942687085A}.Release|Any CPU.Build.0 = Release|Any CPU
		{2B8DE883-B4BD-4A27-A54D-4BB8718C2C92}.Debug|Any CPU.ActiveCfg = Debug|Any CPU
		{2B8DE883-B4BD-4A27-A54D-4BB8718C2C92}.Debug|Any CPU.Build.0 = Debug|Any CPU
		{2B8DE883-B4BD-4A27-A54D-4BB8718C2C92}.Release|Any CPU.ActiveCfg = Release|Any CPU
		{2B8DE883-B4BD-4A27-A54D-4BB8718C2C92}.Release|Any CPU.Build.0 = Release|Any CPU
	EndGlobalSection
	GlobalSection(SolutionProperties) = preSolution
		HideSolutionNode = FALSE
	EndGlobalSection
	GlobalSection(NestedProjects) = preSolution
		{4B4DFC8C-DBD7-4F20-9BF7-D951A7C0A1AF} = {6FA40578-145A-4D2D-B0FC-A88AA7D24040}
		{4A80B808-1D55-4123-9ED2-D4F2E4308BE3} = {6FA40578-145A-4D2D-B0FC-A88AA7D24040}
		{BC25E4E9-DBF1-4D1C-978B-979D7843F4BD} = {6FA40578-145A-4D2D-B0FC-A88AA7D24040}
		{AA178FBA-41FE-4D6F-80D1-CD13AE59D6B4} = {6FA40578-145A-4D2D-B0FC-A88AA7D24040}
		{CF39FC2E-9632-4FF6-8BE1-F7528249D463} = {4B4DFC8C-DBD7-4F20-9BF7-D951A7C0A1AF}
		{03C775AA-2EDA-4641-9FA7-A3023130F6A4} = {4B4DFC8C-DBD7-4F20-9BF7-D951A7C0A1AF}
		{9F71DD60-805D-4D1C-8548-4F731E1EDDB4} = {4B4DFC8C-DBD7-4F20-9BF7-D951A7C0A1AF}
		{004F4747-3DD0-4375-8E76-A9D5C346CCE4} = {BC25E4E9-DBF1-4D1C-978B-979D7843F4BD}
		{33B1E78F-CBBD-43BB-94E3-EC2A43A79160} = {BC25E4E9-DBF1-4D1C-978B-979D7843F4BD}
		{8CE0BE18-EF40-42A8-9B2C-E9C29120C06A} = {BC25E4E9-DBF1-4D1C-978B-979D7843F4BD}
		{500677C5-37D7-421E-946C-101D739867FF} = {004F4747-3DD0-4375-8E76-A9D5C346CCE4}
		{B998E937-B7FD-4C39-AC3A-FEFCB0D390B8} = {004F4747-3DD0-4375-8E76-A9D5C346CCE4}
		{BCAB84AF-3916-4B61-9AE6-73942687085A} = {004F4747-3DD0-4375-8E76-A9D5C346CCE4}
		{2B8DE883-B4BD-4A27-A54D-4BB8718C2C92} = {004F4747-3DD0-4375-8E76-A9D5C346CCE4}
	EndGlobalSection
	GlobalSection(ExtensibilityGlobals) = postSolution
		SolutionGuid = {6ECD08A5-BB3F-482A-910B-A9F3D7FA09EB}
	EndGlobalSection
EndGlobal
